
Microsoft Visual Studio Solution File, Format Version 12.00
# Visual Studio Version 17
VisualStudioVersion = 17.8.34322.80
MinimumVisualStudioVersion = 10.0.40219.1
Project("{9A19103F-16F7-4668-BE54-9A1E7A4F7556}") = "VeterinarySystem.Data", "VeterinarySystem.Data\VeterinarySystem.Data.csproj", "{48D92273-0CD4-402B-A30E-7F667563DF82}"
EndProject
Project("{9A19103F-16F7-4668-BE54-9A1E7A4F7556}") = "VeterinarySystem.Data.Domain", "VeterinarySystem.Data.Models\VeterinarySystem.Data.Domain.csproj", "{15793B99-70B3-44AE-8B58-9D0ED3DDE1C1}"
EndProject
Project("{9A19103F-16F7-4668-BE54-9A1E7A4F7556}") = "VeterinarySystem.Common", "VeterinarySystem.Common\VeterinarySystem.Common.csproj", "{C0F45166-8A01-4462-8AA4-DF11BDA95D05}"
EndProject
Project("{FAE04EC0-301F-11D3-BF4B-00C04F79EFBC}") = "VeterinarySystem.Web", "VeterinarySystem.Web\VeterinarySystem.Web.csproj", "{42B5CF4D-E47B-47B2-894E-19F8E000274C}"
EndProject
Project("{FAE04EC0-301F-11D3-BF4B-00C04F79EFBC}") = "VeterinarySystem.Core", "VeterinarySystem.Core\VeterinarySystem.Core.csproj", "{9B672106-546E-4F20-B5C4-B6A4693BE4B5}"
EndProject
Global
	GlobalSection(SolutionConfigurationPlatforms) = preSolution
		Debug|Any CPU = Debug|Any CPU
		Release|Any CPU = Release|Any CPU
	EndGlobalSection
	GlobalSection(ProjectConfigurationPlatforms) = postSolution
		{48D92273-0CD4-402B-A30E-7F667563DF82}.Debug|Any CPU.ActiveCfg = Debug|Any CPU
		{48D92273-0CD4-402B-A30E-7F667563DF82}.Debug|Any CPU.Build.0 = Debug|Any CPU
		{48D92273-0CD4-402B-A30E-7F667563DF82}.Release|Any CPU.ActiveCfg = Release|Any CPU
		{48D92273-0CD4-402B-A30E-7F667563DF82}.Release|Any CPU.Build.0 = Release|Any CPU
		{15793B99-70B3-44AE-8B58-9D0ED3DDE1C1}.Debug|Any CPU.ActiveCfg = Debug|Any CPU
		{15793B99-70B3-44AE-8B58-9D0ED3DDE1C1}.Debug|Any CPU.Build.0 = Debug|Any CPU
		{15793B99-70B3-44AE-8B58-9D0ED3DDE1C1}.Release|Any CPU.ActiveCfg = Release|Any CPU
		{15793B99-70B3-44AE-8B58-9D0ED3DDE1C1}.Release|Any CPU.Build.0 = Release|Any CPU
		{C0F45166-8A01-4462-8AA4-DF11BDA95D05}.Debug|Any CPU.ActiveCfg = Debug|Any CPU
		{C0F45166-8A01-4462-8AA4-DF11BDA95D05}.Debug|Any CPU.Build.0 = Debug|Any CPU
		{C0F45166-8A01-4462-8AA4-DF11BDA95D05}.Release|Any CPU.ActiveCfg = Release|Any CPU
		{C0F45166-8A01-4462-8AA4-DF11BDA95D05}.Release|Any CPU.Build.0 = Release|Any CPU
		{42B5CF4D-E47B-47B2-894E-19F8E000274C}.Debug|Any CPU.ActiveCfg = Debug|Any CPU
		{42B5CF4D-E47B-47B2-894E-19F8E000274C}.Debug|Any CPU.Build.0 = Debug|Any CPU
		{42B5CF4D-E47B-47B2-894E-19F8E000274C}.Release|Any CPU.ActiveCfg = Release|Any CPU
		{42B5CF4D-E47B-47B2-894E-19F8E000274C}.Release|Any CPU.Build.0 = Release|Any CPU
		{9B672106-546E-4F20-B5C4-B6A4693BE4B5}.Debug|Any CPU.ActiveCfg = Debug|Any CPU
		{9B672106-546E-4F20-B5C4-B6A4693BE4B5}.Debug|Any CPU.Build.0 = Debug|Any CPU
		{9B672106-546E-4F20-B5C4-B6A4693BE4B5}.Release|Any CPU.ActiveCfg = Release|Any CPU
		{9B672106-546E-4F20-B5C4-B6A4693BE4B5}.Release|Any CPU.Build.0 = Release|Any CPU
	EndGlobalSection
	GlobalSection(SolutionProperties) = preSolution
		HideSolutionNode = FALSE
	EndGlobalSection
	GlobalSection(ExtensibilityGlobals) = postSolution
		SolutionGuid = {32726D15-D567-4CA5-B97A-858A23893A66}
	EndGlobalSection
EndGlobal
